<?xml version="1.0" encoding="utf-8"?>
<Project ToolsVersion="4.0" xmlns="http://schemas.microsoft.com/developer/msbuild/2003">
  <ItemGroup>
    <Filter Include="Source Files">
      <UniqueIdentifier>{4FC737F1-C7A5-4376-A066-2A32D752A2FF}</UniqueIdentifier>
      <Extensions>cpp;c;cc;cxx;def;odl;idl;hpj;bat;asm;asmx</Extensions>
    </Filter>
    <Filter Include="Header Files">
      <UniqueIdentifier>{93995380-89BD-4b04-88EB-625FBE52EBFB}</UniqueIdentifier>
      <Extensions>h;hh;hpp;hxx;hm;inl;inc;ipp;xsd</Extensions>
    </Filter>
    <Filter Include="Resource Files">
      <UniqueIdentifier>{67DA6AB6-F800-4c08-8B7A-83BB121AAD01}</UniqueIdentifier>
      <Extensions>rc;ico;cur;bmp;dlg;rc2;rct;bin;rgs;gif;jpg;jpeg;jpe;resx;tiff;tif;png;wav;mfcribbon-ms</Extensions>
    </Filter>
  </ItemGroup>
  <ItemGroup>
    <ClCompile Include="Source\Opcode\OPC_AABBCollider.cpp">
      <Filter>Source Files</Filter>
    </ClCompile>
    <ClCompile Include="Source\Opcode\OPC_AABBTree.cpp">
      <Filter>Source Files</Filter>
    </ClCompile>
    <ClCompile Include="Source\Opcode\OPC_BaseModel.cpp">
      <Filter>Source Files</Filter>
    </ClCompile>
    <ClCompile Include="Source\Opcode\OPC_BoxPruning.cpp">
      <Filter>Source Files</Filter>
    </ClCompile>
    <ClCompile Include="Source\Opcode\OPC_Collider.cpp">
      <Filter>Source Files</Filter>
    </ClCompile>
    <ClCompile Include="Source\Opcode\OPC_Common.cpp">
      <Filter>Source Files</Filter>
    </ClCompile>
    <ClCompile Include="Source\Opcode\OPC_HybridModel.cpp">
      <Filter>Source Files</Filter>
    </ClCompile>
    <ClCompile Include="Source\Opcode\OPC_LSSCollider.cpp">
      <Filter>Source Files</Filter>
    </ClCompile>
    <ClCompile Include="Source\Opcode\OPC_MeshInterface.cpp">
      <Filter>Source Files</Filter>
    </ClCompile>
    <ClCompile Include="Source\Opcode\OPC_Model.cpp">
      <Filter>Source Files</Filter>
    </ClCompile>
    <ClCompile Include="Source\Opcode\OPC_OBBCollider.cpp">
      <Filter>Source Files</Filter>
    </ClCompile>
    <ClCompile Include="Source\Opcode\OPC_OptimizedTree.cpp">
      <Filter>Source Files</Filter>
    </ClCompile>
    <ClCompile Include="Source\Opcode\OPC_Picking.cpp">
      <Filter>Source Files</Filter>
    </ClCompile>
    <ClCompile Include="Source\Opcode\OPC_PlanesCollider.cpp">
      <Filter>Source Files</Filter>
    </ClCompile>
    <ClCompile Include="Source\Opcode\OPC_RayCollider.cpp">
      <Filter>Source Files</Filter>
    </ClCompile>
    <ClCompile Include="Source\Opcode\OPC_SphereCollider.cpp">
      <Filter>Source Files</Filter>
    </ClCompile>
    <ClCompile Include="Source\Opcode\OPC_SweepAndPrune.cpp">
      <Filter>Source Files</Filter>
    </ClCompile>
    <ClCompile Include="Source\Opcode\OPC_TreeBuilders.cpp">
      <Filter>Source Files</Filter>
    </ClCompile>
    <ClCompile Include="Source\Opcode\OPC_TreeCollider.cpp">
      <Filter>Source Files</Filter>
    </ClCompile>
    <ClCompile Include="Source\Opcode\OPC_VolumeCollider.cpp">
      <Filter>Source Files</Filter>
    </ClCompile>
    <ClCompile Include="Source\Opcode\Opcode.cpp">
      <Filter>Source Files</Filter>
    </ClCompile>
    <ClCompile Include="Source\Opcode\stdafx.cpp">
      <Filter>Source Files</Filter>
    </ClCompile>
  </ItemGroup>
  <ItemGroup>
    <ClInclude Include="Source\Opcode\OPC_AABBCollider.h">
      <Filter>Header Files</Filter>
    </ClInclude>
    <ClInclude Include="Source\Opcode\OPC_AABBTree.h">
      <Filter>Header Files</Filter>
    </ClInclude>
    <ClInclude Include="Source\Opcode\OPC_BaseModel.h">
      <Filter>Header Files</Filter>
    </ClInclude>
    <ClInclude Include="Source\Opcode\OPC_BoxBoxOverlap.h">
      <Filter>Header Files</Filter>
    </ClInclude>
    <ClInclude Include="Source\Opcode\OPC_BoxPruning.h">
      <Filter>Header Files</Filter>
    </ClInclude>
    <ClInclude Include="Source\Opcode\OPC_Collider.h">
      <Filter>Header Files</Filter>
    </ClInclude>
    <ClInclude Include="Source\Opcode\OPC_Common.h">
      <Filter>Header Files</Filter>
    </ClInclude>
    <ClInclude Include="Source\Opcode\OPC_HybridModel.h">
      <Filter>Header Files</Filter>
    </ClInclude>
    <ClInclude Include="Source\Opcode\OPC_IceHook.h">
      <Filter>Header Files</Filter>
    </ClInclude>
    <ClInclude Include="Source\Opcode\OPC_LSSAABBOverlap.h">
      <Filter>Header Files</Filter>
    </ClInclude>
    <ClInclude Include="Source\Opcode\OPC_LSSCollider.h">
      <Filter>Header Files</Filter>
    </ClInclude>
    <ClInclude Include="Source\Opcode\OPC_LSSTriOverlap.h">
      <Filter>Header Files</Filter>
    </ClInclude>
    <ClInclude Include="Source\Opcode\OPC_MeshInterface.h">
      <Filter>Header Files</Filter>
    </ClInclude>
    <ClInclude Include="Source\Opcode\OPC_Model.h">
      <Filter>Header Files</Filter>
    </ClInclude>
    <ClInclude Include="Source\Opcode\OPC_OBBCollider.h">
      <Filter>Header Files</Filter>
    </ClInclude>
    <ClInclude Include="Source\Opcode\OPC_OptimizedTree.h">
      <Filter>Header Files</Filter>
    </ClInclude>
    <ClInclude Include="Source\Opcode\OPC_Picking.h">
      <Filter>Header Files</Filter>
    </ClInclude>
    <ClInclude Include="Source\Opcode\OPC_PlanesAABBOverlap.h">
      <Filter>Header Files</Filter>
    </ClInclude>
    <ClInclude Include="Source\Opcode\OPC_PlanesCollider.h">
      <Filter>Header Files</Filter>
    </ClInclude>
    <ClInclude Include="Source\Opcode\OPC_PlanesTriOverlap.h">
      <Filter>Header Files</Filter>
    </ClInclude>
    <ClInclude Include="Source\Opcode\OPC_RayAABBOverlap.h">
      <Filter>Header Files</Filter>
    </ClInclude>
    <ClInclude Include="Source\Opcode\OPC_RayCollider.h">
      <Filter>Header Files</Filter>
    </ClInclude>
    <ClInclude Include="Source\Opcode\OPC_RayTriOverlap.h">
      <Filter>Header Files</Filter>
    </ClInclude>
    <ClInclude Include="Source\Opcode\OPC_Settings.h">
      <Filter>Header Files</Filter>
    </ClInclude>
    <ClInclude Include="Source\Opcode\OPC_SphereAABBOverlap.h">
      <Filter>Header Files</Filter>
    </ClInclude>
    <ClInclude Include="Source\Opcode\OPC_SphereCollider.h">
      <Filter>Header Files</Filter>
    </ClInclude>
    <ClInclude Include="Source\Opcode\OPC_SphereTriOverlap.h">
      <Filter>Header Files</Filter>
    </ClInclude>
    <ClInclude Include="Source\Opcode\OPC_SweepAndPrune.h">
      <Filter>Header Files</Filter>
    </ClInclude>
    <ClInclude Include="Source\Opcode\OPC_TreeBuilders.h">
      <Filter>Header Files</Filter>
    </ClInclude>
    <ClInclude Include="Source\Opcode\OPC_TreeCollider.h">
      <Filter>Header Files</Filter>
    </ClInclude>
    <ClInclude Include="Source\Opcode\OPC_TriBoxOverlap.h">
      <Filter>Header Files</Filter>
    </ClInclude>
    <ClInclude Include="Source\Opcode\OPC_TriTriOverlap.h">
      <Filter>Header Files</Filter>
    </ClInclude>
    <ClInclude Include="Source\Opcode\OPC_VolumeCollider.h">
      <Filter>Header Files</Filter>
    </ClInclude>
    <ClInclude Include="Source\Opcode\Opcode.h">
      <Filter>Header Files</Filter>
    </ClInclude>
    <ClInclude Include="Source\Opcode\stdafx.h">
      <Filter>Header Files</Filter>
    </ClInclude>
    <ClInclude Include="Source\Opcode\targetver.h">
      <Filter>Header Files</Filter>
    </ClInclude>
  </ItemGroup>
</Project>